
Microsoft Visual Studio Solution File, Format Version 12.00
# Visual Studio 15
VisualStudioVersion = 15.0.27428.2011
MinimumVisualStudioVersion = 10.0.40219.1
Project("{8BC9CEB8-8B4A-11D0-8D11-00A0C91BC942}") = "icogen", "icogen\icogen.vcxproj", "{705E43AB-CCAA-418D-9F21-062C93059F10}"
EndProject
Global
	GlobalSection(SolutionConfigurationPlatforms) = preSolution
		Debug|x64 = Debug|x64
		Debug|x86 = Debug|x86
		Release|x64 = Release|x64
		Release|x86 = Release|x86
	EndGlobalSection
	GlobalSection(ProjectConfigurationPlatforms) = postSolution
		{705E43AB-CCAA-418D-9F21-062C93059F10}.Debug|x64.ActiveCfg = Debug|x64
		{705E43AB-CCAA-418D-9F21-062C93059F10}.Debug|x64.Build.0 = Debug|x64
		{705E43AB-CCAA-418D-9F21-062C93059F10}.Debug|x86.ActiveCfg = Debug|Win32
		{705E43AB-CCAA-418D-9F21-062C93059F10}.Debug|x86.Build.0 = Debug|Win32
		{705E43AB-CCAA-418D-9F21-062C93059F10}.Release|x64.ActiveCfg = Release|x64
		{705E43AB-CCAA-418D-9F21-062C93059F10}.Release|x64.Build.0 = Release|x64
		{705E43AB-CCAA-418D-9F21-062C93059F10}.Release|x86.ActiveCfg = Release|Win32
		{705E43AB-CCAA-418D-9F21-062C93059F10}.Release|x86.Build.0 = Release|Win32
	EndGlobalSection
	GlobalSection(SolutionProperties) = preSolution
		HideSolutionNode = FALSE
	EndGlobalSection
	GlobalSection(ExtensibilityGlobals) = postSolution
		SolutionGuid = {72555E49-4ABE-452A-A559-F5C50333C21B}
	EndGlobalSection
EndGlobal
